
Microsoft Visual Studio Solution File, Format Version 12.00
# Visual Studio Version 17
VisualStudioVersion = 17.11.35303.130
MinimumVisualStudioVersion = 10.0.40219.1
Project("{FAE04EC0-301F-11D3-BF4B-00C04F79EFBC}") = "AutoSvnUpdate", "AutoSvnUpdate.csproj", "{3FE47FA2-9C62-489A-ACEB-B147C7D7CD5C}"
EndProject
Global
	GlobalSection(SolutionConfigurationPlatforms) = preSolution
		Debug|Any CPU = Debug|Any CPU
		Release|Any CPU = Release|Any CPU
	EndGlobalSection
	GlobalSection(ProjectConfigurationPlatforms) = postSolution
		{3FE47FA2-9C62-489A-ACEB-B147C7D7CD5C}.Debug|Any CPU.ActiveCfg = Debug|Any CPU
		{3FE47FA2-9C62-489A-ACEB-B147C7D7CD5C}.Debug|Any CPU.Build.0 = Debug|Any CPU
		{3FE47FA2-9C62-489A-ACEB-B147C7D7CD5C}.Release|Any CPU.ActiveCfg = Release|Any CPU
		{3FE47FA2-9C62-489A-ACEB-B147C7D7CD5C}.Release|Any CPU.Build.0 = Release|Any CPU
	EndGlobalSection
	GlobalSection(SolutionProperties) = preSolution
		HideSolutionNode = FALSE
	EndGlobalSection
	GlobalSection(ExtensibilityGlobals) = postSolution
		SolutionGuid = {04CB981D-C817-4945-98C8-468639E20B59}
	EndGlobalSection
EndGlobal
